{
  "requires": true,
  "lockfileVersion": 1,
  "dependencies": {
    "country-flag-icons": {
      "version": "1.5.5",
      "resolved": "https://registry.npmjs.org/country-flag-icons/-/country-flag-icons-1.5.5.tgz",
      "integrity": "sha512-k4WXZ/WvWOSiYXRG1n8EYHNr1m/IX0GffKqAidaet5DrJsDOmJ8Q/8JvvONhZNnKYg24s4lvsm+9og1HcuIU/g=="
    },
    "lodash": {
      "version": "4.17.21",
      "resolved": "https://registry.npmjs.org/lodash/-/lodash-4.17.21.tgz",
      "integrity": "sha512-v2kDEe57lecTulaDIuNTPy3Ry4gLGJ6Z1O3vE1krgXZNrsQ+LFTGHVxVjcXPs17LhbZVGedAJv8XZ1tvj5FvSg=="
    },
    "material-ui-phone-number": {
      "version": "3.0.0",
      "resolved": "https://registry.npmjs.org/material-ui-phone-number/-/material-ui-phone-number-3.0.0.tgz",
      "integrity": "sha512-wZX1PYv990nJUBko93AQxIfvFARHfMtnV/UT1/hVnbJP5x/K7MDuT5T2/ckIG6xyqTZ/wCcHdEK1P60uTOORwA==",
      "requires": {
        "country-flag-icons": "^1.4.10",
        "lodash": "^4.17.21"
      }
    }
  }
}
